PODS:
  - Nuke (8.4.0)
  - SwiftLint (0.38.2)

DEPENDENCIES:
  - Nuke
  - SwiftLint

SPEC REPOS:
  trunk:
    - Nuke
    - SwiftLint

SPEC CHECKSUMS:
  Nuke: fa6f784c4f7e1c0f9313668510186c68b7af2509
  SwiftLint: 8f5d2f903e1c9bcbc832fd16771e80a263ac6cbb

PODFILE CHECKSUM: 1a364a53a6ff89c6988216b961b6003fbbcdacc6

COCOAPODS: 1.8.4
